
Microsoft Visual Studio Solution File, Format Version 12.00
# Visual Studio 15
VisualStudioVersion = 15.0.26403.7
MinimumVisualStudioVersion = 10.0.40219.1
Project("{FAE04EC0-301F-11D3-BF4B-00C04F79EFBC}") = "ElevenNote.Web", "ElevenNote.Web\ElevenNote.Web.csproj", "{E79EE7F9-65E1-45D7-ACF0-BF4E504E4CBA}"
EndProject
Project("{FAE04EC0-301F-11D3-BF4B-00C04F79EFBC}") = "ElevenNote.Data", "ElevenNote.Data\ElevenNote.Data.csproj", "{CEC2F9E3-461D-46C9-8503-EE35FBD9B351}"
EndProject
Project("{FAE04EC0-301F-11D3-BF4B-00C04F79EFBC}") = "ElevenNote.Models", "ElevenNote.Models\ElevenNote.Models.csproj", "{147560AD-4584-4954-80CD-226FE986E180}"
EndProject
Project("{FAE04EC0-301F-11D3-BF4B-00C04F79EFBC}") = "ElevenNote.Services", "ElevenNote.Services\ElevenNote.Services.csproj", "{F11863BF-A971-4724-9467-89C963F7F568}"
EndProject
Project("{FAE04EC0-301F-11D3-BF4B-00C04F79EFBC}") = "ElevenNote.API", "ElevenNote.API\ElevenNote.API.csproj", "{D08E305C-8855-4AE3-A9D7-F29EAD2B5CB6}"
EndProject
Project("{D954291E-2A0B-460D-934E-DC6B0785DB48}") = "ElevenNoteMobileApp", "ElevenNoteMobileApp\ElevenNoteMobileApp\ElevenNoteMobileApp.shproj", "{29FB639E-7FC0-4322-ADB9-5739462DC149}"
EndProject
Project("{FAE04EC0-301F-11D3-BF4B-00C04F79EFBC}") = "ElevenNoteMobileApp.Android", "ElevenNoteMobileApp\ElevenNoteMobileApp.Android\ElevenNoteMobileApp.Android.csproj", "{E1A71107-96A2-4A8C-A63C-85CF422AA615}"
EndProject
Project("{FAE04EC0-301F-11D3-BF4B-00C04F79EFBC}") = "ElevenNoteMobileApp.iOS", "ElevenNoteMobileApp\ElevenNoteMobileApp.iOS\ElevenNoteMobileApp.iOS.csproj", "{64CABF37-E211-4564-BB45-0EEFADF34CEC}"
EndProject
Global
	GlobalSection(SharedMSBuildProjectFiles) = preSolution
		ElevenNoteMobileApp\ElevenNoteMobileApp\ElevenNoteMobileApp.projitems*{29fb639e-7fc0-4322-adb9-5739462dc149}*SharedItemsImports = 13
		ElevenNoteMobileApp\ElevenNoteMobileApp\ElevenNoteMobileApp.projitems*{64cabf37-e211-4564-bb45-0eefadf34cec}*SharedItemsImports = 4
		ElevenNoteMobileApp\ElevenNoteMobileApp\ElevenNoteMobileApp.projitems*{e1a71107-96a2-4a8c-a63c-85cf422aa615}*SharedItemsImports = 4
	EndGlobalSection
	GlobalSection(SolutionConfigurationPlatforms) = preSolution
		Ad-Hoc|Any CPU = Ad-Hoc|Any CPU
		Ad-Hoc|ARM = Ad-Hoc|ARM
		Ad-Hoc|iPhone = Ad-Hoc|iPhone
		Ad-Hoc|iPhoneSimulator = Ad-Hoc|iPhoneSimulator
		Ad-Hoc|x64 = Ad-Hoc|x64
		Ad-Hoc|x86 = Ad-Hoc|x86
		AppStore|Any CPU = AppStore|Any CPU
		AppStore|ARM = AppStore|ARM
		AppStore|iPhone = AppStore|iPhone
		AppStore|iPhoneSimulator = AppStore|iPhoneSimulator
		AppStore|x64 = AppStore|x64
		AppStore|x86 = AppStore|x86
		Debug|Any CPU = Debug|Any CPU
		Debug|ARM = Debug|ARM
		Debug|iPhone = Debug|iPhone
		Debug|iPhoneSimulator = Debug|iPhoneSimulator
		Debug|x64 = Debug|x64
		Debug|x86 = Debug|x86
		Release|Any CPU = Release|Any CPU
		Release|ARM = Release|ARM
		Release|iPhone = Release|iPhone
		Release|iPhoneSimulator = Release|iPhoneSimulator
		Release|x64 = Release|x64
		Release|x86 = Release|x86
	EndGlobalSection
	GlobalSection(ProjectConfigurationPlatforms) = postSolution
		{E79EE7F9-65E1-45D7-ACF0-BF4E504E4CBA}.Ad-Hoc|Any CPU.ActiveCfg = Release|Any CPU
		{E79EE7F9-65E1-45D7-ACF0-BF4E504E4CBA}.Ad-Hoc|Any CPU.Build.0 = Release|Any CPU
		{E79EE7F9-65E1-45D7-ACF0-BF4E504E4CBA}.Ad-Hoc|ARM.ActiveCfg = Release|Any CPU
		{E79EE7F9-65E1-45D7-ACF0-BF4E504E4CBA}.Ad-Hoc|ARM.Build.0 = Release|Any CPU
		{E79EE7F9-65E1-45D7-ACF0-BF4E504E4CBA}.Ad-Hoc|iPhone.ActiveCfg = Release|Any CPU
		{E79EE7F9-65E1-45D7-ACF0-BF4E504E4CBA}.Ad-Hoc|iPhone.Build.0 = Release|Any CPU
		{E79EE7F9-65E1-45D7-ACF0-BF4E504E4CBA}.Ad-Hoc|iPhoneSimulator.ActiveCfg = Release|Any CPU
		{E79EE7F9-65E1-45D7-ACF0-BF4E504E4CBA}.Ad-Hoc|iPhoneSimulator.Build.0 = Release|Any CPU
		{E79EE7F9-65E1-45D7-ACF0-BF4E504E4CBA}.Ad-Hoc|x64.ActiveCfg = Release|Any CPU
		{E79EE7F9-65E1-45D7-ACF0-BF4E504E4CBA}.Ad-Hoc|x64.Build.0 = Release|Any CPU
		{E79EE7F9-65E1-45D7-ACF0-BF4E504E4CBA}.Ad-Hoc|x86.ActiveCfg = Release|Any CPU
		{E79EE7F9-65E1-45D7-ACF0-BF4E504E4CBA}.Ad-Hoc|x86.Build.0 = Release|Any CPU
		{E79EE7F9-65E1-45D7-ACF0-BF4E504E4CBA}.AppStore|Any CPU.ActiveCfg = Release|Any CPU
		{E79EE7F9-65E1-45D7-ACF0-BF4E504E4CBA}.AppStore|Any CPU.Build.0 = Release|Any CPU
		{E79EE7F9-65E1-45D7-ACF0-BF4E504E4CBA}.AppStore|ARM.ActiveCfg = Release|Any CPU
		{E79EE7F9-65E1-45D7-ACF0-BF4E504E4CBA}.AppStore|ARM.Build.0 = Release|Any CPU
		{E79EE7F9-65E1-45D7-ACF0-BF4E504E4CBA}.AppStore|iPhone.ActiveCfg = Release|Any CPU
		{E79EE7F9-65E1-45D7-ACF0-BF4E504E4CBA}.AppStore|iPhone.Build.0 = Release|Any CPU
		{E79EE7F9-65E1-45D7-ACF0-BF4E504E4CBA}.AppStore|iPhoneSimulator.ActiveCfg = Release|Any CPU
		{E79EE7F9-65E1-45D7-ACF0-BF4E504E4CBA}.AppStore|iPhoneSimulator.Build.0 = Release|Any CPU
		{E79EE7F9-65E1-45D7-ACF0-BF4E504E4CBA}.AppStore|x64.ActiveCfg = Release|Any CPU
		{E79EE7F9-65E1-45D7-ACF0-BF4E504E4CBA}.AppStore|x64.Build.0 = Release|Any CPU
		{E79EE7F9-65E1-45D7-ACF0-BF4E504E4CBA}.AppStore|x86.ActiveCfg = Release|Any CPU
		{E79EE7F9-65E1-45D7-ACF0-BF4E504E4CBA}.AppStore|x86.Build.0 = Release|Any CPU
		{E79EE7F9-65E1-45D7-ACF0-BF4E504E4CBA}.Debug|Any CPU.ActiveCfg = Debug|Any CPU
		{E79EE7F9-65E1-45D7-ACF0-BF4E504E4CBA}.Debug|Any CPU.Build.0 = Debug|Any CPU
		{E79EE7F9-65E1-45D7-ACF0-BF4E504E4CBA}.Debug|ARM.ActiveCfg = Debug|Any CPU
		{E79EE7F9-65E1-45D7-ACF0-BF4E504E4CBA}.Debug|ARM.Build.0 = Debug|Any CPU
		{E79EE7F9-65E1-45D7-ACF0-BF4E504E4CBA}.Debug|iPhone.ActiveCfg = Debug|Any CPU
		{E79EE7F9-65E1-45D7-ACF0-BF4E504E4CBA}.Debug|iPhone.Build.0 = Debug|Any CPU
		{E79EE7F9-65E1-45D7-ACF0-BF4E504E4CBA}.Debug|iPhoneSimulator.ActiveCfg = Debug|Any CPU
		{E79EE7F9-65E1-45D7-ACF0-BF4E504E4CBA}.Debug|iPhoneSimulator.Build.0 = Debug|Any CPU
		{E79EE7F9-65E1-45D7-ACF0-BF4E504E4CBA}.Debug|x64.ActiveCfg = Debug|Any CPU
		{E79EE7F9-65E1-45D7-ACF0-BF4E504E4CBA}.Debug|x64.Build.0 = Debug|Any CPU
		{E79EE7F9-65E1-45D7-ACF0-BF4E504E4CBA}.Debug|x86.ActiveCfg = Debug|Any CPU
		{E79EE7F9-65E1-45D7-ACF0-BF4E504E4CBA}.Debug|x86.Build.0 = Debug|Any CPU
		{E79EE7F9-65E1-45D7-ACF0-BF4E504E4CBA}.Release|Any CPU.ActiveCfg = Release|Any CPU
		{E79EE7F9-65E1-45D7-ACF0-BF4E504E4CBA}.Release|Any CPU.Build.0 = Release|Any CPU
		{E79EE7F9-65E1-45D7-ACF0-BF4E504E4CBA}.Release|ARM.ActiveCfg = Release|Any CPU
		{E79EE7F9-65E1-45D7-ACF0-BF4E504E4CBA}.Release|ARM.Build.0 = Release|Any CPU
		{E79EE7F9-65E1-45D7-ACF0-BF4E504E4CBA}.Release|iPhone.ActiveCfg = Release|Any CPU
		{E79EE7F9-65E1-45D7-ACF0-BF4E504E4CBA}.Release|iPhone.Build.0 = Release|Any CPU
		{E79EE7F9-65E1-45D7-ACF0-BF4E504E4CBA}.Release|iPhoneSimulator.ActiveCfg = Release|Any CPU
		{E79EE7F9-65E1-45D7-ACF0-BF4E504E4CBA}.Release|iPhoneSimulator.Build.0 = Release|Any CPU
		{E79EE7F9-65E1-45D7-ACF0-BF4E504E4CBA}.Release|x64.ActiveCfg = Release|Any CPU
		{E79EE7F9-65E1-45D7-ACF0-BF4E504E4CBA}.Release|x64.Build.0 = Release|Any CPU
		{E79EE7F9-65E1-45D7-ACF0-BF4E504E4CBA}.Release|x86.ActiveCfg = Release|Any CPU
		{E79EE7F9-65E1-45D7-ACF0-BF4E504E4CBA}.Release|x86.Build.0 = Release|Any CPU
		{CEC2F9E3-461D-46C9-8503-EE35FBD9B351}.Ad-Hoc|Any CPU.ActiveCfg = Release|Any CPU
		{CEC2F9E3-461D-46C9-8503-EE35FBD9B351}.Ad-Hoc|Any CPU.Build.0 = Release|Any CPU
		{CEC2F9E3-461D-46C9-8503-EE35FBD9B351}.Ad-Hoc|ARM.ActiveCfg = Release|Any CPU
		{CEC2F9E3-461D-46C9-8503-EE35FBD9B351}.Ad-Hoc|ARM.Build.0 = Release|Any CPU
		{CEC2F9E3-461D-46C9-8503-EE35FBD9B351}.Ad-Hoc|iPhone.ActiveCfg = Release|Any CPU
		{CEC2F9E3-461D-46C9-8503-EE35FBD9B351}.Ad-Hoc|iPhone.Build.0 = Release|Any CPU
		{CEC2F9E3-461D-46C9-8503-EE35FBD9B351}.Ad-Hoc|iPhoneSimulator.ActiveCfg = Release|Any CPU
		{CEC2F9E3-461D-46C9-8503-EE35FBD9B351}.Ad-Hoc|iPhoneSimulator.Build.0 = Release|Any CPU
		{CEC2F9E3-461D-46C9-8503-EE35FBD9B351}.Ad-Hoc|x64.ActiveCfg = Release|Any CPU
		{CEC2F9E3-461D-46C9-8503-EE35FBD9B351}.Ad-Hoc|x64.Build.0 = Release|Any CPU
		{CEC2F9E3-461D-46C9-8503-EE35FBD9B351}.Ad-Hoc|x86.ActiveCfg = Release|Any CPU
		{CEC2F9E3-461D-46C9-8503-EE35FBD9B351}.Ad-Hoc|x86.Build.0 = Release|Any CPU
		{CEC2F9E3-461D-46C9-8503-EE35FBD9B351}.AppStore|Any CPU.ActiveCfg = Release|Any CPU
		{CEC2F9E3-461D-46C9-8503-EE35FBD9B351}.AppStore|Any CPU.Build.0 = Release|Any CPU
		{CEC2F9E3-461D-46C9-8503-EE35FBD9B351}.AppStore|ARM.ActiveCfg = Release|Any CPU
		{CEC2F9E3-461D-46C9-8503-EE35FBD9B351}.AppStore|ARM.Build.0 = Release|Any CPU
		{CEC2F9E3-461D-46C9-8503-EE35FBD9B351}.AppStore|iPhone.ActiveCfg = Release|Any CPU
		{CEC2F9E3-461D-46C9-8503-EE35FBD9B351}.AppStore|iPhone.Build.0 = Release|Any CPU
		{CEC2F9E3-461D-46C9-8503-EE35FBD9B351}.AppStore|iPhoneSimulator.ActiveCfg = Release|Any CPU
		{CEC2F9E3-461D-46C9-8503-EE35FBD9B351}.AppStore|iPhoneSimulator.Build.0 = Release|Any CPU
		{CEC2F9E3-461D-46C9-8503-EE35FBD9B351}.AppStore|x64.ActiveCfg = Release|Any CPU
		{CEC2F9E3-461D-46C9-8503-EE35FBD9B351}.AppStore|x64.Build.0 = Release|Any CPU
		{CEC2F9E3-461D-46C9-8503-EE35FBD9B351}.AppStore|x86.ActiveCfg = Release|Any CPU
		{CEC2F9E3-461D-46C9-8503-EE35FBD9B351}.AppStore|x86.Build.0 = Release|Any CPU
		{CEC2F9E3-461D-46C9-8503-EE35FBD9B351}.Debug|Any CPU.ActiveCfg = Debug|Any CPU
		{CEC2F9E3-461D-46C9-8503-EE35FBD9B351}.Debug|Any CPU.Build.0 = Debug|Any CPU
		{CEC2F9E3-461D-46C9-8503-EE35FBD9B351}.Debug|ARM.ActiveCfg = Debug|Any CPU
		{CEC2F9E3-461D-46C9-8503-EE35FBD9B351}.Debug|ARM.Build.0 = Debug|Any CPU
		{CEC2F9E3-461D-46C9-8503-EE35FBD9B351}.Debug|iPhone.ActiveCfg = Debug|Any CPU
		{CEC2F9E3-461D-46C9-8503-EE35FBD9B351}.Debug|iPhone.Build.0 = Debug|Any CPU
		{CEC2F9E3-461D-46C9-8503-EE35FBD9B351}.Debug|iPhoneSimulator.ActiveCfg = Debug|Any CPU
		{CEC2F9E3-461D-46C9-8503-EE35FBD9B351}.Debug|iPhoneSimulator.Build.0 = Debug|Any CPU
		{CEC2F9E3-461D-46C9-8503-EE35FBD9B351}.Debug|x64.ActiveCfg = Debug|Any CPU
		{CEC2F9E3-461D-46C9-8503-EE35FBD9B351}.Debug|x64.Build.0 = Debug|Any CPU
		{CEC2F9E3-461D-46C9-8503-EE35FBD9B351}.Debug|x86.ActiveCfg = Debug|Any CPU
		{CEC2F9E3-461D-46C9-8503-EE35FBD9B351}.Debug|x86.Build.0 = Debug|Any CPU
		{CEC2F9E3-461D-46C9-8503-EE35FBD9B351}.Release|Any CPU.ActiveCfg = Release|Any CPU
		{CEC2F9E3-461D-46C9-8503-EE35FBD9B351}.Release|Any CPU.Build.0 = Release|Any CPU
		{CEC2F9E3-461D-46C9-8503-EE35FBD9B351}.Release|ARM.ActiveCfg = Release|Any CPU
		{CEC2F9E3-461D-46C9-8503-EE35FBD9B351}.Release|ARM.Build.0 = Release|Any CPU
		{CEC2F9E3-461D-46C9-8503-EE35FBD9B351}.Release|iPhone.ActiveCfg = Release|Any CPU
		{CEC2F9E3-461D-46C9-8503-EE35FBD9B351}.Release|iPhone.Build.0 = Release|Any CPU
		{CEC2F9E3-461D-46C9-8503-EE35FBD9B351}.Release|iPhoneSimulator.ActiveCfg = Release|Any CPU
		{CEC2F9E3-461D-46C9-8503-EE35FBD9B351}.Release|iPhoneSimulator.Build.0 = Release|Any CPU
		{CEC2F9E3-461D-46C9-8503-EE35FBD9B351}.Release|x64.ActiveCfg = Release|Any CPU
		{CEC2F9E3-461D-46C9-8503-EE35FBD9B351}.Release|x64.Build.0 = Release|Any CPU
		{CEC2F9E3-461D-46C9-8503-EE35FBD9B351}.Release|x86.ActiveCfg = Release|Any CPU
		{CEC2F9E3-461D-46C9-8503-EE35FBD9B351}.Release|x86.Build.0 = Release|Any CPU
		{147560AD-4584-4954-80CD-226FE986E180}.Ad-Hoc|Any CPU.ActiveCfg = Release|Any CPU
		{147560AD-4584-4954-80CD-226FE986E180}.Ad-Hoc|Any CPU.Build.0 = Release|Any CPU
		{147560AD-4584-4954-80CD-226FE986E180}.Ad-Hoc|ARM.ActiveCfg = Release|Any CPU
		{147560AD-4584-4954-80CD-226FE986E180}.Ad-Hoc|ARM.Build.0 = Release|Any CPU
		{147560AD-4584-4954-80CD-226FE986E180}.Ad-Hoc|iPhone.ActiveCfg = Release|Any CPU
		{147560AD-4584-4954-80CD-226FE986E180}.Ad-Hoc|iPhone.Build.0 = Release|Any CPU
		{147560AD-4584-4954-80CD-226FE986E180}.Ad-Hoc|iPhoneSimulator.ActiveCfg = Release|Any CPU
		{147560AD-4584-4954-80CD-226FE986E180}.Ad-Hoc|iPhoneSimulator.Build.0 = Release|Any CPU
		{147560AD-4584-4954-80CD-226FE986E180}.Ad-Hoc|x64.ActiveCfg = Release|Any CPU
		{147560AD-4584-4954-80CD-226FE986E180}.Ad-Hoc|x64.Build.0 = Release|Any CPU
		{147560AD-4584-4954-80CD-226FE986E180}.Ad-Hoc|x86.ActiveCfg = Release|Any CPU
		{147560AD-4584-4954-80CD-226FE986E180}.Ad-Hoc|x86.Build.0 = Release|Any CPU
		{147560AD-4584-4954-80CD-226FE986E180}.AppStore|Any CPU.ActiveCfg = Release|Any CPU
		{147560AD-4584-4954-80CD-226FE986E180}.AppStore|Any CPU.Build.0 = Release|Any CPU
		{147560AD-4584-4954-80CD-226FE986E180}.AppStore|ARM.ActiveCfg = Release|Any CPU
		{147560AD-4584-4954-80CD-226FE986E180}.AppStore|ARM.Build.0 = Release|Any CPU
		{147560AD-4584-4954-80CD-226FE986E180}.AppStore|iPhone.ActiveCfg = Release|Any CPU
		{147560AD-4584-4954-80CD-226FE986E180}.AppStore|iPhone.Build.0 = Release|Any CPU
		{147560AD-4584-4954-80CD-226FE986E180}.AppStore|iPhoneSimulator.ActiveCfg = Release|Any CPU
		{147560AD-4584-4954-80CD-226FE986E180}.AppStore|iPhoneSimulator.Build.0 = Release|Any CPU
		{147560AD-4584-4954-80CD-226FE986E180}.AppStore|x64.ActiveCfg = Release|Any CPU
		{147560AD-4584-4954-80CD-226FE986E180}.AppStore|x64.Build.0 = Release|Any CPU
		{147560AD-4584-4954-80CD-226FE986E180}.AppStore|x86.ActiveCfg = Release|Any CPU
		{147560AD-4584-4954-80CD-226FE986E180}.AppStore|x86.Build.0 = Release|Any CPU
		{147560AD-4584-4954-80CD-226FE986E180}.Debug|Any CPU.ActiveCfg = Debug|Any CPU
		{147560AD-4584-4954-80CD-226FE986E180}.Debug|Any CPU.Build.0 = Debug|Any CPU
		{147560AD-4584-4954-80CD-226FE986E180}.Debug|ARM.ActiveCfg = Debug|Any CPU
		{147560AD-4584-4954-80CD-226FE986E180}.Debug|ARM.Build.0 = Debug|Any CPU
		{147560AD-4584-4954-80CD-226FE986E180}.Debug|iPhone.ActiveCfg = Debug|Any CPU
		{147560AD-4584-4954-80CD-226FE986E180}.Debug|iPhone.Build.0 = Debug|Any CPU
		{147560AD-4584-4954-80CD-226FE986E180}.Debug|iPhoneSimulator.ActiveCfg = Debug|Any CPU
		{147560AD-4584-4954-80CD-226FE986E180}.Debug|iPhoneSimulator.Build.0 = Debug|Any CPU
		{147560AD-4584-4954-80CD-226FE986E180}.Debug|x64.ActiveCfg = Debug|Any CPU
		{147560AD-4584-4954-80CD-226FE986E180}.Debug|x64.Build.0 = Debug|Any CPU
		{147560AD-4584-4954-80CD-226FE986E180}.Debug|x86.ActiveCfg = Debug|Any CPU
		{147560AD-4584-4954-80CD-226FE986E180}.Debug|x86.Build.0 = Debug|Any CPU
		{147560AD-4584-4954-80CD-226FE986E180}.Release|Any CPU.ActiveCfg = Release|Any CPU
		{147560AD-4584-4954-80CD-226FE986E180}.Release|Any CPU.Build.0 = Release|Any CPU
		{147560AD-4584-4954-80CD-226FE986E180}.Release|ARM.ActiveCfg = Release|Any CPU
		{147560AD-4584-4954-80CD-226FE986E180}.Release|ARM.Build.0 = Release|Any CPU
		{147560AD-4584-4954-80CD-226FE986E180}.Release|iPhone.ActiveCfg = Release|Any CPU
		{147560AD-4584-4954-80CD-226FE986E180}.Release|iPhone.Build.0 = Release|Any CPU
		{147560AD-4584-4954-80CD-226FE986E180}.Release|iPhoneSimulator.ActiveCfg = Release|Any CPU
		{147560AD-4584-4954-80CD-226FE986E180}.Release|iPhoneSimulator.Build.0 = Release|Any CPU
		{147560AD-4584-4954-80CD-226FE986E180}.Release|x64.ActiveCfg = Release|Any CPU
		{147560AD-4584-4954-80CD-226FE986E180}.Release|x64.Build.0 = Release|Any CPU
		{147560AD-4584-4954-80CD-226FE986E180}.Release|x86.ActiveCfg = Release|Any CPU
		{147560AD-4584-4954-80CD-226FE986E180}.Release|x86.Build.0 = Release|Any CPU
		{F11863BF-A971-4724-9467-89C963F7F568}.Ad-Hoc|Any CPU.ActiveCfg = Release|Any CPU
		{F11863BF-A971-4724-9467-89C963F7F568}.Ad-Hoc|Any CPU.Build.0 = Release|Any CPU
		{F11863BF-A971-4724-9467-89C963F7F568}.Ad-Hoc|ARM.ActiveCfg = Release|Any CPU
		{F11863BF-A971-4724-9467-89C963F7F568}.Ad-Hoc|ARM.Build.0 = Release|Any CPU
		{F11863BF-A971-4724-9467-89C963F7F568}.Ad-Hoc|iPhone.ActiveCfg = Release|Any CPU
		{F11863BF-A971-4724-9467-89C963F7F568}.Ad-Hoc|iPhone.Build.0 = Release|Any CPU
		{F11863BF-A971-4724-9467-89C963F7F568}.Ad-Hoc|iPhoneSimulator.ActiveCfg = Release|Any CPU
		{F11863BF-A971-4724-9467-89C963F7F568}.Ad-Hoc|iPhoneSimulator.Build.0 = Release|Any CPU
		{F11863BF-A971-4724-9467-89C963F7F568}.Ad-Hoc|x64.ActiveCfg = Release|Any CPU
		{F11863BF-A971-4724-9467-89C963F7F568}.Ad-Hoc|x64.Build.0 = Release|Any CPU
		{F11863BF-A971-4724-9467-89C963F7F568}.Ad-Hoc|x86.ActiveCfg = Release|Any CPU
		{F11863BF-A971-4724-9467-89C963F7F568}.Ad-Hoc|x86.Build.0 = Release|Any CPU
		{F11863BF-A971-4724-9467-89C963F7F568}.AppStore|Any CPU.ActiveCfg = Release|Any CPU
		{F11863BF-A971-4724-9467-89C963F7F568}.AppStore|Any CPU.Build.0 = Release|Any CPU
		{F11863BF-A971-4724-9467-89C963F7F568}.AppStore|ARM.ActiveCfg = Release|Any CPU
		{F11863BF-A971-4724-9467-89C963F7F568}.AppStore|ARM.Build.0 = Release|Any CPU
		{F11863BF-A971-4724-9467-89C963F7F568}.AppStore|iPhone.ActiveCfg = Release|Any CPU
		{F11863BF-A971-4724-9467-89C963F7F568}.AppStore|iPhone.Build.0 = Release|Any CPU
		{F11863BF-A971-4724-9467-89C963F7F568}.AppStore|iPhoneSimulator.ActiveCfg = Release|Any CPU
		{F11863BF-A971-4724-9467-89C963F7F568}.AppStore|iPhoneSimulator.Build.0 = Release|Any CPU
		{F11863BF-A971-4724-9467-89C963F7F568}.AppStore|x64.ActiveCfg = Release|Any CPU
		{F11863BF-A971-4724-9467-89C963F7F568}.AppStore|x64.Build.0 = Release|Any CPU
		{F11863BF-A971-4724-9467-89C963F7F568}.AppStore|x86.ActiveCfg = Release|Any CPU
		{F11863BF-A971-4724-9467-89C963F7F568}.AppStore|x86.Build.0 = Release|Any CPU
		{F11863BF-A971-4724-9467-89C963F7F568}.Debug|Any CPU.ActiveCfg = Debug|Any CPU
		{F11863BF-A971-4724-9467-89C963F7F568}.Debug|Any CPU.Build.0 = Debug|Any CPU
		{F11863BF-A971-4724-9467-89C963F7F568}.Debug|ARM.ActiveCfg = Debug|Any CPU
		{F11863BF-A971-4724-9467-89C963F7F568}.Debug|ARM.Build.0 = Debug|Any CPU
		{F11863BF-A971-4724-9467-89C963F7F568}.Debug|iPhone.ActiveCfg = Debug|Any CPU
		{F11863BF-A971-4724-9467-89C963F7F568}.Debug|iPhone.Build.0 = Debug|Any CPU
		{F11863BF-A971-4724-9467-89C963F7F568}.Debug|iPhoneSimulator.ActiveCfg = Debug|Any CPU
		{F11863BF-A971-4724-9467-89C963F7F568}.Debug|iPhoneSimulator.Build.0 = Debug|Any CPU
		{F11863BF-A971-4724-9467-89C963F7F568}.Debug|x64.ActiveCfg = Debug|Any CPU
		{F11863BF-A971-4724-9467-89C963F7F568}.Debug|x64.Build.0 = Debug|Any CPU
		{F11863BF-A971-4724-9467-89C963F7F568}.Debug|x86.ActiveCfg = Debug|Any CPU
		{F11863BF-A971-4724-9467-89C963F7F568}.Debug|x86.Build.0 = Debug|Any CPU
		{F11863BF-A971-4724-9467-89C963F7F568}.Release|Any CPU.ActiveCfg = Release|Any CPU
		{F11863BF-A971-4724-9467-89C963F7F568}.Release|Any CPU.Build.0 = Release|Any CPU
		{F11863BF-A971-4724-9467-89C963F7F568}.Release|ARM.ActiveCfg = Release|Any CPU
		{F11863BF-A971-4724-9467-89C963F7F568}.Release|ARM.Build.0 = Release|Any CPU
		{F11863BF-A971-4724-9467-89C963F7F568}.Release|iPhone.ActiveCfg = Release|Any CPU
		{F11863BF-A971-4724-9467-89C963F7F568}.Release|iPhone.Build.0 = Release|Any CPU
		{F11863BF-A971-4724-9467-89C963F7F568}.Release|iPhoneSimulator.ActiveCfg = Release|Any CPU
		{F11863BF-A971-4724-9467-89C963F7F568}.Release|iPhoneSimulator.Build.0 = Release|Any CPU
		{F11863BF-A971-4724-9467-89C963F7F568}.Release|x64.ActiveCfg = Release|Any CPU
		{F11863BF-A971-4724-9467-89C963F7F568}.Release|x64.Build.0 = Release|Any CPU
		{F11863BF-A971-4724-9467-89C963F7F568}.Release|x86.ActiveCfg = Release|Any CPU
		{F11863BF-A971-4724-9467-89C963F7F568}.Release|x86.Build.0 = Release|Any CPU
		{D08E305C-8855-4AE3-A9D7-F29EAD2B5CB6}.Ad-Hoc|Any CPU.ActiveCfg = Release|Any CPU
		{D08E305C-8855-4AE3-A9D7-F29EAD2B5CB6}.Ad-Hoc|Any CPU.Build.0 = Release|Any CPU
		{D08E305C-8855-4AE3-A9D7-F29EAD2B5CB6}.Ad-Hoc|ARM.ActiveCfg = Release|Any CPU
		{D08E305C-8855-4AE3-A9D7-F29EAD2B5CB6}.Ad-Hoc|ARM.Build.0 = Release|Any CPU
		{D08E305C-8855-4AE3-A9D7-F29EAD2B5CB6}.Ad-Hoc|iPhone.ActiveCfg = Release|Any CPU
		{D08E305C-8855-4AE3-A9D7-F29EAD2B5CB6}.Ad-Hoc|iPhone.Build.0 = Release|Any CPU
		{D08E305C-8855-4AE3-A9D7-F29EAD2B5CB6}.Ad-Hoc|iPhoneSimulator.ActiveCfg = Release|Any CPU
		{D08E305C-8855-4AE3-A9D7-F29EAD2B5CB6}.Ad-Hoc|iPhoneSimulator.Build.0 = Release|Any CPU
		{D08E305C-8855-4AE3-A9D7-F29EAD2B5CB6}.Ad-Hoc|x64.ActiveCfg = Release|Any CPU
		{D08E305C-8855-4AE3-A9D7-F29EAD2B5CB6}.Ad-Hoc|x64.Build.0 = Release|Any CPU
		{D08E305C-8855-4AE3-A9D7-F29EAD2B5CB6}.Ad-Hoc|x86.ActiveCfg = Release|Any CPU
		{D08E305C-8855-4AE3-A9D7-F29EAD2B5CB6}.Ad-Hoc|x86.Build.0 = Release|Any CPU
		{D08E305C-8855-4AE3-A9D7-F29EAD2B5CB6}.AppStore|Any CPU.ActiveCfg = Release|Any CPU
		{D08E305C-8855-4AE3-A9D7-F29EAD2B5CB6}.AppStore|Any CPU.Build.0 = Release|Any CPU
		{D08E305C-8855-4AE3-A9D7-F29EAD2B5CB6}.AppStore|ARM.ActiveCfg = Release|Any CPU
		{D08E305C-8855-4AE3-A9D7-F29EAD2B5CB6}.AppStore|ARM.Build.0 = Release|Any CPU
		{D08E305C-8855-4AE3-A9D7-F29EAD2B5CB6}.AppStore|iPhone.ActiveCfg = Release|Any CPU
		{D08E305C-8855-4AE3-A9D7-F29EAD2B5CB6}.AppStore|iPhone.Build.0 = Release|Any CPU
		{D08E305C-8855-4AE3-A9D7-F29EAD2B5CB6}.AppStore|iPhoneSimulator.ActiveCfg = Release|Any CPU
		{D08E305C-8855-4AE3-A9D7-F29EAD2B5CB6}.AppStore|iPhoneSimulator.Build.0 = Release|Any CPU
		{D08E305C-8855-4AE3-A9D7-F29EAD2B5CB6}.AppStore|x64.ActiveCfg = Release|Any CPU
		{D08E305C-8855-4AE3-A9D7-F29EAD2B5CB6}.AppStore|x64.Build.0 = Release|Any CPU
		{D08E305C-8855-4AE3-A9D7-F29EAD2B5CB6}.AppStore|x86.ActiveCfg = Release|Any CPU
		{D08E305C-8855-4AE3-A9D7-F29EAD2B5CB6}.AppStore|x86.Build.0 = Release|Any CPU
		{D08E305C-8855-4AE3-A9D7-F29EAD2B5CB6}.Debug|Any CPU.ActiveCfg = Debug|Any CPU
		{D08E305C-8855-4AE3-A9D7-F29EAD2B5CB6}.Debug|Any CPU.Build.0 = Debug|Any CPU
		{D08E305C-8855-4AE3-A9D7-F29EAD2B5CB6}.Debug|ARM.ActiveCfg = Debug|Any CPU
		{D08E305C-8855-4AE3-A9D7-F29EAD2B5CB6}.Debug|ARM.Build.0 = Debug|Any CPU
		{D08E305C-8855-4AE3-A9D7-F29EAD2B5CB6}.Debug|iPhone.ActiveCfg = Debug|Any CPU
		{D08E305C-8855-4AE3-A9D7-F29EAD2B5CB6}.Debug|iPhone.Build.0 = Debug|Any CPU
		{D08E305C-8855-4AE3-A9D7-F29EAD2B5CB6}.Debug|iPhoneSimulator.ActiveCfg = Debug|Any CPU
		{D08E305C-8855-4AE3-A9D7-F29EAD2B5CB6}.Debug|iPhoneSimulator.Build.0 = Debug|Any CPU
		{D08E305C-8855-4AE3-A9D7-F29EAD2B5CB6}.Debug|x64.ActiveCfg = Debug|Any CPU
		{D08E305C-8855-4AE3-A9D7-F29EAD2B5CB6}.Debug|x64.Build.0 = Debug|Any CPU
		{D08E305C-8855-4AE3-A9D7-F29EAD2B5CB6}.Debug|x86.ActiveCfg = Debug|Any CPU
		{D08E305C-8855-4AE3-A9D7-F29EAD2B5CB6}.Debug|x86.Build.0 = Debug|Any CPU
		{D08E305C-8855-4AE3-A9D7-F29EAD2B5CB6}.Release|Any CPU.ActiveCfg = Release|Any CPU
		{D08E305C-8855-4AE3-A9D7-F29EAD2B5CB6}.Release|Any CPU.Build.0 = Release|Any CPU
		{D08E305C-8855-4AE3-A9D7-F29EAD2B5CB6}.Release|ARM.ActiveCfg = Release|Any CPU
		{D08E305C-8855-4AE3-A9D7-F29EAD2B5CB6}.Release|ARM.Build.0 = Release|Any CPU
		{D08E305C-8855-4AE3-A9D7-F29EAD2B5CB6}.Release|iPhone.ActiveCfg = Release|Any CPU
		{D08E305C-8855-4AE3-A9D7-F29EAD2B5CB6}.Release|iPhone.Build.0 = Release|Any CPU
		{D08E305C-8855-4AE3-A9D7-F29EAD2B5CB6}.Release|iPhoneSimulator.ActiveCfg = Release|Any CPU
		{D08E305C-8855-4AE3-A9D7-F29EAD2B5CB6}.Release|iPhoneSimulator.Build.0 = Release|Any CPU
		{D08E305C-8855-4AE3-A9D7-F29EAD2B5CB6}.Release|x64.ActiveCfg = Release|Any CPU
		{D08E305C-8855-4AE3-A9D7-F29EAD2B5CB6}.Release|x64.Build.0 = Release|Any CPU
		{D08E305C-8855-4AE3-A9D7-F29EAD2B5CB6}.Release|x86.ActiveCfg = Release|Any CPU
		{D08E305C-8855-4AE3-A9D7-F29EAD2B5CB6}.Release|x86.Build.0 = Release|Any CPU
		{E1A71107-96A2-4A8C-A63C-85CF422AA615}.Ad-Hoc|Any CPU.ActiveCfg = Release|Any CPU
		{E1A71107-96A2-4A8C-A63C-85CF422AA615}.Ad-Hoc|Any CPU.Build.0 = Release|Any CPU
		{E1A71107-96A2-4A8C-A63C-85CF422AA615}.Ad-Hoc|Any CPU.Deploy.0 = Release|Any CPU
		{E1A71107-96A2-4A8C-A63C-85CF422AA615}.Ad-Hoc|ARM.ActiveCfg = Release|Any CPU
		{E1A71107-96A2-4A8C-A63C-85CF422AA615}.Ad-Hoc|ARM.Build.0 = Release|Any CPU
		{E1A71107-96A2-4A8C-A63C-85CF422AA615}.Ad-Hoc|ARM.Deploy.0 = Release|Any CPU
		{E1A71107-96A2-4A8C-A63C-85CF422AA615}.Ad-Hoc|iPhone.ActiveCfg = Release|Any CPU
		{E1A71107-96A2-4A8C-A63C-85CF422AA615}.Ad-Hoc|iPhone.Build.0 = Release|Any CPU
		{E1A71107-96A2-4A8C-A63C-85CF422AA615}.Ad-Hoc|iPhone.Deploy.0 = Release|Any CPU
		{E1A71107-96A2-4A8C-A63C-85CF422AA615}.Ad-Hoc|iPhoneSimulator.ActiveCfg = Release|Any CPU
		{E1A71107-96A2-4A8C-A63C-85CF422AA615}.Ad-Hoc|iPhoneSimulator.Build.0 = Release|Any CPU
		{E1A71107-96A2-4A8C-A63C-85CF422AA615}.Ad-Hoc|iPhoneSimulator.Deploy.0 = Release|Any CPU
		{E1A71107-96A2-4A8C-A63C-85CF422AA615}.Ad-Hoc|x64.ActiveCfg = Release|Any CPU
		{E1A71107-96A2-4A8C-A63C-85CF422AA615}.Ad-Hoc|x64.Build.0 = Release|Any CPU
		{E1A71107-96A2-4A8C-A63C-85CF422AA615}.Ad-Hoc|x64.Deploy.0 = Release|Any CPU
		{E1A71107-96A2-4A8C-A63C-85CF422AA615}.Ad-Hoc|x86.ActiveCfg = Release|Any CPU
		{E1A71107-96A2-4A8C-A63C-85CF422AA615}.Ad-Hoc|x86.Build.0 = Release|Any CPU
		{E1A71107-96A2-4A8C-A63C-85CF422AA615}.Ad-Hoc|x86.Deploy.0 = Release|Any CPU
		{E1A71107-96A2-4A8C-A63C-85CF422AA615}.AppStore|Any CPU.ActiveCfg = Release|Any CPU
		{E1A71107-96A2-4A8C-A63C-85CF422AA615}.AppStore|Any CPU.Build.0 = Release|Any CPU
		{E1A71107-96A2-4A8C-A63C-85CF422AA615}.AppStore|Any CPU.Deploy.0 = Release|Any CPU
		{E1A71107-96A2-4A8C-A63C-85CF422AA615}.AppStore|ARM.ActiveCfg = Release|Any CPU
		{E1A71107-96A2-4A8C-A63C-85CF422AA615}.AppStore|ARM.Build.0 = Release|Any CPU
		{E1A71107-96A2-4A8C-A63C-85CF422AA615}.AppStore|ARM.Deploy.0 = Release|Any CPU
		{E1A71107-96A2-4A8C-A63C-85CF422AA615}.AppStore|iPhone.ActiveCfg = Release|Any CPU
		{E1A71107-96A2-4A8C-A63C-85CF422AA615}.AppStore|iPhone.Build.0 = Release|Any CPU
		{E1A71107-96A2-4A8C-A63C-85CF422AA615}.AppStore|iPhone.Deploy.0 = Release|Any CPU
		{E1A71107-96A2-4A8C-A63C-85CF422AA615}.AppStore|iPhoneSimulator.ActiveCfg = Release|Any CPU
		{E1A71107-96A2-4A8C-A63C-85CF422AA615}.AppStore|iPhoneSimulator.Build.0 = Release|Any CPU
		{E1A71107-96A2-4A8C-A63C-85CF422AA615}.AppStore|iPhoneSimulator.Deploy.0 = Release|Any CPU
		{E1A71107-96A2-4A8C-A63C-85CF422AA615}.AppStore|x64.ActiveCfg = Release|Any CPU
		{E1A71107-96A2-4A8C-A63C-85CF422AA615}.AppStore|x64.Build.0 = Release|Any CPU
		{E1A71107-96A2-4A8C-A63C-85CF422AA615}.AppStore|x64.Deploy.0 = Release|Any CPU
		{E1A71107-96A2-4A8C-A63C-85CF422AA615}.AppStore|x86.ActiveCfg = Release|Any CPU
		{E1A71107-96A2-4A8C-A63C-85CF422AA615}.AppStore|x86.Build.0 = Release|Any CPU
		{E1A71107-96A2-4A8C-A63C-85CF422AA615}.AppStore|x86.Deploy.0 = Release|Any CPU
		{E1A71107-96A2-4A8C-A63C-85CF422AA615}.Debug|Any CPU.ActiveCfg = Debug|Any CPU
		{E1A71107-96A2-4A8C-A63C-85CF422AA615}.Debug|Any CPU.Build.0 = Debug|Any CPU
		{E1A71107-96A2-4A8C-A63C-85CF422AA615}.Debug|Any CPU.Deploy.0 = Debug|Any CPU
		{E1A71107-96A2-4A8C-A63C-85CF422AA615}.Debug|ARM.ActiveCfg = Debug|Any CPU
		{E1A71107-96A2-4A8C-A63C-85CF422AA615}.Debug|ARM.Build.0 = Debug|Any CPU
		{E1A71107-96A2-4A8C-A63C-85CF422AA615}.Debug|ARM.Deploy.0 = Debug|Any CPU
		{E1A71107-96A2-4A8C-A63C-85CF422AA615}.Debug|iPhone.ActiveCfg = Debug|Any CPU
		{E1A71107-96A2-4A8C-A63C-85CF422AA615}.Debug|iPhone.Build.0 = Debug|Any CPU
		{E1A71107-96A2-4A8C-A63C-85CF422AA615}.Debug|iPhone.Deploy.0 = Debug|Any CPU
		{E1A71107-96A2-4A8C-A63C-85CF422AA615}.Debug|iPhoneSimulator.ActiveCfg = Debug|Any CPU
		{E1A71107-96A2-4A8C-A63C-85CF422AA615}.Debug|iPhoneSimulator.Build.0 = Debug|Any CPU
		{E1A71107-96A2-4A8C-A63C-85CF422AA615}.Debug|iPhoneSimulator.Deploy.0 = Debug|Any CPU
		{E1A71107-96A2-4A8C-A63C-85CF422AA615}.Debug|x64.ActiveCfg = Debug|Any CPU
		{E1A71107-96A2-4A8C-A63C-85CF422AA615}.Debug|x64.Build.0 = Debug|Any CPU
		{E1A71107-96A2-4A8C-A63C-85CF422AA615}.Debug|x64.Deploy.0 = Debug|Any CPU
		{E1A71107-96A2-4A8C-A63C-85CF422AA615}.Debug|x86.ActiveCfg = Debug|Any CPU
		{E1A71107-96A2-4A8C-A63C-85CF422AA615}.Debug|x86.Build.0 = Debug|Any CPU
		{E1A71107-96A2-4A8C-A63C-85CF422AA615}.Debug|x86.Deploy.0 = Debug|Any CPU
		{E1A71107-96A2-4A8C-A63C-85CF422AA615}.Release|Any CPU.ActiveCfg = Release|Any CPU
		{E1A71107-96A2-4A8C-A63C-85CF422AA615}.Release|Any CPU.Build.0 = Release|Any CPU
		{E1A71107-96A2-4A8C-A63C-85CF422AA615}.Release|Any CPU.Deploy.0 = Release|Any CPU
		{E1A71107-96A2-4A8C-A63C-85CF422AA615}.Release|ARM.ActiveCfg = Release|Any CPU
		{E1A71107-96A2-4A8C-A63C-85CF422AA615}.Release|ARM.Build.0 = Release|Any CPU
		{E1A71107-96A2-4A8C-A63C-85CF422AA615}.Release|ARM.Deploy.0 = Release|Any CPU
		{E1A71107-96A2-4A8C-A63C-85CF422AA615}.Release|iPhone.ActiveCfg = Release|Any CPU
		{E1A71107-96A2-4A8C-A63C-85CF422AA615}.Release|iPhone.Build.0 = Release|Any CPU
		{E1A71107-96A2-4A8C-A63C-85CF422AA615}.Release|iPhone.Deploy.0 = Release|Any CPU
		{E1A71107-96A2-4A8C-A63C-85CF422AA615}.Release|iPhoneSimulator.ActiveCfg = Release|Any CPU
		{E1A71107-96A2-4A8C-A63C-85CF422AA615}.Release|iPhoneSimulator.Build.0 = Release|Any CPU
		{E1A71107-96A2-4A8C-A63C-85CF422AA615}.Release|iPhoneSimulator.Deploy.0 = Release|Any CPU
		{E1A71107-96A2-4A8C-A63C-85CF422AA615}.Release|x64.ActiveCfg = Release|Any CPU
		{E1A71107-96A2-4A8C-A63C-85CF422AA615}.Release|x64.Build.0 = Release|Any CPU
		{E1A71107-96A2-4A8C-A63C-85CF422AA615}.Release|x64.Deploy.0 = Release|Any CPU
		{E1A71107-96A2-4A8C-A63C-85CF422AA615}.Release|x86.ActiveCfg = Release|Any CPU
		{E1A71107-96A2-4A8C-A63C-85CF422AA615}.Release|x86.Build.0 = Release|Any CPU
		{E1A71107-96A2-4A8C-A63C-85CF422AA615}.Release|x86.Deploy.0 = Release|Any CPU
		{64CABF37-E211-4564-BB45-0EEFADF34CEC}.Ad-Hoc|Any CPU.ActiveCfg = Ad-Hoc|iPhone
		{64CABF37-E211-4564-BB45-0EEFADF34CEC}.Ad-Hoc|ARM.ActiveCfg = Ad-Hoc|iPhone
		{64CABF37-E211-4564-BB45-0EEFADF34CEC}.Ad-Hoc|iPhone.ActiveCfg = Ad-Hoc|iPhone
		{64CABF37-E211-4564-BB45-0EEFADF34CEC}.Ad-Hoc|iPhone.Build.0 = Ad-Hoc|iPhone
		{64CABF37-E211-4564-BB45-0EEFADF34CEC}.Ad-Hoc|iPhoneSimulator.ActiveCfg = Ad-Hoc|iPhoneSimulator
		{64CABF37-E211-4564-BB45-0EEFADF34CEC}.Ad-Hoc|iPhoneSimulator.Build.0 = Ad-Hoc|iPhoneSimulator
		{64CABF37-E211-4564-BB45-0EEFADF34CEC}.Ad-Hoc|x64.ActiveCfg = Ad-Hoc|iPhone
		{64CABF37-E211-4564-BB45-0EEFADF34CEC}.Ad-Hoc|x86.ActiveCfg = Ad-Hoc|iPhone
		{64CABF37-E211-4564-BB45-0EEFADF34CEC}.AppStore|Any CPU.ActiveCfg = AppStore|iPhone
		{64CABF37-E211-4564-BB45-0EEFADF34CEC}.AppStore|ARM.ActiveCfg = AppStore|iPhone
		{64CABF37-E211-4564-BB45-0EEFADF34CEC}.AppStore|iPhone.ActiveCfg = AppStore|iPhone
		{64CABF37-E211-4564-BB45-0EEFADF34CEC}.AppStore|iPhone.Build.0 = AppStore|iPhone
		{64CABF37-E211-4564-BB45-0EEFADF34CEC}.AppStore|iPhoneSimulator.ActiveCfg = AppStore|iPhoneSimulator
		{64CABF37-E211-4564-BB45-0EEFADF34CEC}.AppStore|iPhoneSimulator.Build.0 = AppStore|iPhoneSimulator
		{64CABF37-E211-4564-BB45-0EEFADF34CEC}.AppStore|x64.ActiveCfg = AppStore|iPhone
		{64CABF37-E211-4564-BB45-0EEFADF34CEC}.AppStore|x86.ActiveCfg = AppStore|iPhone
		{64CABF37-E211-4564-BB45-0EEFADF34CEC}.Debug|Any CPU.ActiveCfg = Debug|iPhone
		{64CABF37-E211-4564-BB45-0EEFADF34CEC}.Debug|ARM.ActiveCfg = Debug|iPhone
		{64CABF37-E211-4564-BB45-0EEFADF34CEC}.Debug|iPhone.ActiveCfg = Debug|iPhone
		{64CABF37-E211-4564-BB45-0EEFADF34CEC}.Debug|iPhone.Build.0 = Debug|iPhone
		{64CABF37-E211-4564-BB45-0EEFADF34CEC}.Debug|iPhoneSimulator.ActiveCfg = Debug|iPhoneSimulator
		{64CABF37-E211-4564-BB45-0EEFADF34CEC}.Debug|iPhoneSimulator.Build.0 = Debug|iPhoneSimulator
		{64CABF37-E211-4564-BB45-0EEFADF34CEC}.Debug|x64.ActiveCfg = Debug|iPhone
		{64CABF37-E211-4564-BB45-0EEFADF34CEC}.Debug|x86.ActiveCfg = Debug|iPhone
		{64CABF37-E211-4564-BB45-0EEFADF34CEC}.Release|Any CPU.ActiveCfg = Release|iPhone
		{64CABF37-E211-4564-BB45-0EEFADF34CEC}.Release|ARM.ActiveCfg = Release|iPhone
		{64CABF37-E211-4564-BB45-0EEFADF34CEC}.Release|iPhone.ActiveCfg = Release|iPhone
		{64CABF37-E211-4564-BB45-0EEFADF34CEC}.Release|iPhone.Build.0 = Release|iPhone
		{64CABF37-E211-4564-BB45-0EEFADF34CEC}.Release|iPhoneSimulator.ActiveCfg = Release|iPhoneSimulator
		{64CABF37-E211-4564-BB45-0EEFADF34CEC}.Release|iPhoneSimulator.Build.0 = Release|iPhoneSimulator
		{64CABF37-E211-4564-BB45-0EEFADF34CEC}.Release|x64.ActiveCfg = Release|iPhone
		{64CABF37-E211-4564-BB45-0EEFADF34CEC}.Release|x86.ActiveCfg = Release|iPhone
	EndGlobalSection
	GlobalSection(SolutionProperties) = preSolution
		HideSolutionNode = FALSE
	EndGlobalSection
EndGlobal
